
Microsoft Visual Studio Solution File, Format Version 12.00
# Visual Studio Version 17
Project("{8BC9CEB8-8B4A-11D0-8D11-00A0C91BC942}") = "ASCRIPTER", "ASCRIPTER\ASCRIPTER.vcxproj", "{92742809-FEDE-DC7F-471D-8E25B3C6BAD4}"
EndProject
Global
	GlobalSection(SolutionConfigurationPlatforms) = preSolution
		Debug|x64 = Debug|x64
		Release|x64 = Release|x64
	EndGlobalSection
	GlobalSection(ProjectConfigurationPlatforms) = postSolution
		{92742809-FEDE-DC7F-471D-8E25B3C6BAD4}.Debug|x64.ActiveCfg = Debug|x64
		{92742809-FEDE-DC7F-471D-8E25B3C6BAD4}.Debug|x64.Build.0 = Debug|x64
		{92742809-FEDE-DC7F-471D-8E25B3C6BAD4}.Release|x64.ActiveCfg = Release|x64
		{92742809-FEDE-DC7F-471D-8E25B3C6BAD4}.Release|x64.Build.0 = Release|x64
	EndGlobalSection
	GlobalSection(SolutionProperties) = preSolution
		HideSolutionNode = FALSE
	EndGlobalSection
EndGlobal
